
Microsoft Visual Studio Solution File, Format Version 12.00
# Visual Studio Version 16
VisualStudioVersion = 16.0.30717.126
MinimumVisualStudioVersion = 10.0.40219.1
Project("{FAE04EC0-301F-11D3-BF4B-00C04F79EFBC}") = "DaysProgram", "coding12-11\DaysProgram.csproj", "{21202692-75DF-4AB2-B1D0-88A2A0C5C369}"
EndProject
Global
	GlobalSection(SolutionConfigurationPlatforms) = preSolution
		Debug|Any CPU = Debug|Any CPU
		Release|Any CPU = Release|Any CPU
	EndGlobalSection
	GlobalSection(ProjectConfigurationPlatforms) = postSolution
		{21202692-75DF-4AB2-B1D0-88A2A0C5C369}.Debug|Any CPU.ActiveCfg = Debug|Any CPU
		{21202692-75DF-4AB2-B1D0-88A2A0C5C369}.Debug|Any CPU.Build.0 = Debug|Any CPU
		{21202692-75DF-4AB2-B1D0-88A2A0C5C369}.Release|Any CPU.ActiveCfg = Release|Any CPU
		{21202692-75DF-4AB2-B1D0-88A2A0C5C369}.Release|Any CPU.Build.0 = Release|Any CPU
	EndGlobalSection
	GlobalSection(SolutionProperties) = preSolution
		HideSolutionNode = FALSE
	EndGlobalSection
	GlobalSection(ExtensibilityGlobals) = postSolution
		SolutionGuid = {1A5C3EE3-D945-41B4-9C9F-79686FF1E06D}
	EndGlobalSection
EndGlobal
